# THIS IS AN AUTOGENERATED FILE. DO NOT EDIT THIS FILE DIRECTLY.
# yarn lockfile v1


"@babel/code-frame@7.0.0", "@babel/code-frame@^7.0.0":
  version "7.0.0"
  resolved "https://registry.yarnpkg.com/@babel/code-frame/-/code-frame-7.0.0.tgz#06e2ab19bdb535385559aabb5ba59729482800f8"
  integrity sha512-OfC2uemaknXr87bdLUkWog7nYuliM9Ij5HUcajsVcMCpQrcLmtxRbVFTIqmcSkSeYRBFBRxs2FiUqFJDLdiebA==
  dependencies:
    "@babel/core" "7.4.3"

"@babel/core@7.4.3":
  version "7.4.3"
  resolved "https://registry.yarnpkg.com/@babel/core/-/core-7.4.3.tgz#198d6d3af4567be3989550d97e068de94503074f"
  integrity sha512-oDpASqKFlbspQfzAE7yaeTmdljSH2ADIvBlb0RwbStltTuWa0+7CCI1fYVINNv9saHPa1W7oaKeuNuKj+RQCvA==
  dependencies:
    "@babel/code-frame" "^7.0.0"
